
Microsoft Visual Studio Solution File, Format Version 12.00
# Visual Studio Version 17
VisualStudioVersion = 17.9.34728.123
MinimumVisualStudioVersion = 10.0.40219.1
Project("{FAE04EC0-301F-11D3-BF4B-00C04F79EFBC}") = "ConsoleApp24", "ConsoleApp24\ConsoleApp24.csproj", "{BC1232AB-CCBB-4017-8045-871D3B890E21}"
EndProject
Global
	GlobalSection(SolutionConfigurationPlatforms) = preSolution
		Debug|Any CPU = Debug|Any CPU
		Release|Any CPU = Release|Any CPU
	EndGlobalSection
	GlobalSection(ProjectConfigurationPlatforms) = postSolution
		{BC1232AB-CCBB-4017-8045-871D3B890E21}.Debug|Any CPU.ActiveCfg = Debug|Any CPU
		{BC1232AB-CCBB-4017-8045-871D3B890E21}.Debug|Any CPU.Build.0 = Debug|Any CPU
		{BC1232AB-CCBB-4017-8045-871D3B890E21}.Release|Any CPU.ActiveCfg = Release|Any CPU
		{BC1232AB-CCBB-4017-8045-871D3B890E21}.Release|Any CPU.Build.0 = Release|Any CPU
	EndGlobalSection
	GlobalSection(SolutionProperties) = preSolution
		HideSolutionNode = FALSE
	EndGlobalSection
	GlobalSection(ExtensibilityGlobals) = postSolution
		SolutionGuid = {4B63EBFB-8CE8-47B4-8F84-FA94ED121A00}
	EndGlobalSection
EndGlobal
